
Microsoft Visual Studio Solution File, Format Version 12.00
# Visual Studio Version 17
VisualStudioVersion = 17.14.36414.22 d17.14
MinimumVisualStudioVersion = 10.0.40219.1
Project("{FAE04EC0-301F-11D3-BF4B-00C04F79EFBC}") = "Age Calculator", "Age Calculator\Age Calculator.csproj", "{838F9E83-77A8-4FF6-B49C-3B618A1908D6}"
EndProject
Global
	GlobalSection(SolutionConfigurationPlatforms) = preSolution
		Debug|Any CPU = Debug|Any CPU
		Release|Any CPU = Release|Any CPU
	EndGlobalSection
	GlobalSection(ProjectConfigurationPlatforms) = postSolution
		{838F9E83-77A8-4FF6-B49C-3B618A1908D6}.Debug|Any CPU.ActiveCfg = Debug|Any CPU
		{838F9E83-77A8-4FF6-B49C-3B618A1908D6}.Debug|Any CPU.Build.0 = Debug|Any CPU
		{838F9E83-77A8-4FF6-B49C-3B618A1908D6}.Release|Any CPU.ActiveCfg = Release|Any CPU
		{838F9E83-77A8-4FF6-B49C-3B618A1908D6}.Release|Any CPU.Build.0 = Release|Any CPU
	EndGlobalSection
	GlobalSection(SolutionProperties) = preSolution
		HideSolutionNode = FALSE
	EndGlobalSection
	GlobalSection(ExtensibilityGlobals) = postSolution
		SolutionGuid = {C3B28B9C-F8FB-48CD-B505-B77B8A6FB1AF}
	EndGlobalSection
EndGlobal
